
Microsoft Visual Studio Solution File, Format Version 12.00
# Visual Studio 15
VisualStudioVersion = 15.0.28010.2048
MinimumVisualStudioVersion = 10.0.40219.1
Project("{FAE04EC0-301F-11D3-BF4B-00C04F79EFBC}") = "HelloWorld", "NewbieConsoleApplication\HelloWorld.csproj", "{C0BF7AAD-5429-47FB-B578-DB92E6555875}"
EndProject
Project("{FAE04EC0-301F-11D3-BF4B-00C04F79EFBC}") = "Rectangle", "Rectangle\Rectangle.csproj", "{FD2D3D70-E05C-4789-9D66-ECACDA0B233F}"
EndProject
Project("{FAE04EC0-301F-11D3-BF4B-00C04F79EFBC}") = "RekursiveMethodCall", "RekursiveMethodCall\RekursiveMethodCall.csproj", "{6AE812E7-0E9B-4178-8050-F4976BB4E37E}"
EndProject
Project("{FAE04EC0-301F-11D3-BF4B-00C04F79EFBC}") = "BasicArray", "Array\BasicArray.csproj", "{232A8657-2463-43A8-8A72-8A49F4AE5FB1}"
EndProject
Project("{FAE04EC0-301F-11D3-BF4B-00C04F79EFBC}") = "StringArray", "StringArray\StringArray.csproj", "{15EF2FB4-4CDE-4868-B8D6-54111C47AD24}"
EndProject
Project("{FAE04EC0-301F-11D3-BF4B-00C04F79EFBC}") = "Structure", "Structure\Structure.csproj", "{2E2D2D52-7658-4B89-9940-E928CBF2A152}"
EndProject
Project("{FAE04EC0-301F-11D3-BF4B-00C04F79EFBC}") = "eNum", "eNum\eNum.csproj", "{ABA89A39-CDC6-4B2D-A44C-159E298C16F0}"
EndProject
Global
	GlobalSection(SolutionConfigurationPlatforms) = preSolution
		Debug|Any CPU = Debug|Any CPU
		Release|Any CPU = Release|Any CPU
	EndGlobalSection
	GlobalSection(ProjectConfigurationPlatforms) = postSolution
		{C0BF7AAD-5429-47FB-B578-DB92E6555875}.Debug|Any CPU.ActiveCfg = Debug|Any CPU
		{C0BF7AAD-5429-47FB-B578-DB92E6555875}.Debug|Any CPU.Build.0 = Debug|Any CPU
		{C0BF7AAD-5429-47FB-B578-DB92E6555875}.Release|Any CPU.ActiveCfg = Release|Any CPU
		{C0BF7AAD-5429-47FB-B578-DB92E6555875}.Release|Any CPU.Build.0 = Release|Any CPU
		{FD2D3D70-E05C-4789-9D66-ECACDA0B233F}.Debug|Any CPU.ActiveCfg = Debug|Any CPU
		{FD2D3D70-E05C-4789-9D66-ECACDA0B233F}.Debug|Any CPU.Build.0 = Debug|Any CPU
		{FD2D3D70-E05C-4789-9D66-ECACDA0B233F}.Release|Any CPU.ActiveCfg = Release|Any CPU
		{FD2D3D70-E05C-4789-9D66-ECACDA0B233F}.Release|Any CPU.Build.0 = Release|Any CPU
		{6AE812E7-0E9B-4178-8050-F4976BB4E37E}.Debug|Any CPU.ActiveCfg = Debug|Any CPU
		{6AE812E7-0E9B-4178-8050-F4976BB4E37E}.Debug|Any CPU.Build.0 = Debug|Any CPU
		{6AE812E7-0E9B-4178-8050-F4976BB4E37E}.Release|Any CPU.ActiveCfg = Release|Any CPU
		{6AE812E7-0E9B-4178-8050-F4976BB4E37E}.Release|Any CPU.Build.0 = Release|Any CPU
		{232A8657-2463-43A8-8A72-8A49F4AE5FB1}.Debug|Any CPU.ActiveCfg = Debug|Any CPU
		{232A8657-2463-43A8-8A72-8A49F4AE5FB1}.Debug|Any CPU.Build.0 = Debug|Any CPU
		{232A8657-2463-43A8-8A72-8A49F4AE5FB1}.Release|Any CPU.ActiveCfg = Release|Any CPU
		{232A8657-2463-43A8-8A72-8A49F4AE5FB1}.Release|Any CPU.Build.0 = Release|Any CPU
		{15EF2FB4-4CDE-4868-B8D6-54111C47AD24}.Debug|Any CPU.ActiveCfg = Debug|Any CPU
		{15EF2FB4-4CDE-4868-B8D6-54111C47AD24}.Debug|Any CPU.Build.0 = Debug|Any CPU
		{15EF2FB4-4CDE-4868-B8D6-54111C47AD24}.Release|Any CPU.ActiveCfg = Release|Any CPU
		{15EF2FB4-4CDE-4868-B8D6-54111C47AD24}.Release|Any CPU.Build.0 = Release|Any CPU
		{2E2D2D52-7658-4B89-9940-E928CBF2A152}.Debug|Any CPU.ActiveCfg = Debug|Any CPU
		{2E2D2D52-7658-4B89-9940-E928CBF2A152}.Debug|Any CPU.Build.0 = Debug|Any CPU
		{2E2D2D52-7658-4B89-9940-E928CBF2A152}.Release|Any CPU.ActiveCfg = Release|Any CPU
		{2E2D2D52-7658-4B89-9940-E928CBF2A152}.Release|Any CPU.Build.0 = Release|Any CPU
		{ABA89A39-CDC6-4B2D-A44C-159E298C16F0}.Debug|Any CPU.ActiveCfg = Debug|Any CPU
		{ABA89A39-CDC6-4B2D-A44C-159E298C16F0}.Debug|Any CPU.Build.0 = Debug|Any CPU
		{ABA89A39-CDC6-4B2D-A44C-159E298C16F0}.Release|Any CPU.ActiveCfg = Release|Any CPU
		{ABA89A39-CDC6-4B2D-A44C-159E298C16F0}.Release|Any CPU.Build.0 = Release|Any CPU
	EndGlobalSection
	GlobalSection(SolutionProperties) = preSolution
		HideSolutionNode = FALSE
	EndGlobalSection
	GlobalSection(ExtensibilityGlobals) = postSolution
		SolutionGuid = {DAB3D6C7-7B51-493F-8FDF-93EDDBBD31A8}
	EndGlobalSection
EndGlobal
