
Microsoft Visual Studio Solution File, Format Version 12.00
# Visual Studio 15
VisualStudioVersion = 15.0.28010.2048
MinimumVisualStudioVersion = 10.0.40219.1
Project("{FAE04EC0-301F-11D3-BF4B-00C04F79EFBC}") = "HelloWorld", "NewbieConsoleApplication\HelloWorld.csproj", "{C0BF7AAD-5429-47FB-B578-DB92E6555875}"
EndProject
Project("{FAE04EC0-301F-11D3-BF4B-00C04F79EFBC}") = "Rectangle", "Rectangle\Rectangle.csproj", "{FD2D3D70-E05C-4789-9D66-ECACDA0B233F}"
EndProject
Global
	GlobalSection(SolutionConfigurationPlatforms) = preSolution
		Debug|Any CPU = Debug|Any CPU
		Release|Any CPU = Release|Any CPU
	EndGlobalSection
	GlobalSection(ProjectConfigurationPlatforms) = postSolution
		{C0BF7AAD-5429-47FB-B578-DB92E6555875}.Debug|Any CPU.ActiveCfg = Debug|Any CPU
		{C0BF7AAD-5429-47FB-B578-DB92E6555875}.Debug|Any CPU.Build.0 = Debug|Any CPU
		{C0BF7AAD-5429-47FB-B578-DB92E6555875}.Release|Any CPU.ActiveCfg = Release|Any CPU
		{C0BF7AAD-5429-47FB-B578-DB92E6555875}.Release|Any CPU.Build.0 = Release|Any CPU
		{FD2D3D70-E05C-4789-9D66-ECACDA0B233F}.Debug|Any CPU.ActiveCfg = Debug|Any CPU
		{FD2D3D70-E05C-4789-9D66-ECACDA0B233F}.Debug|Any CPU.Build.0 = Debug|Any CPU
		{FD2D3D70-E05C-4789-9D66-ECACDA0B233F}.Release|Any CPU.ActiveCfg = Release|Any CPU
		{FD2D3D70-E05C-4789-9D66-ECACDA0B233F}.Release|Any CPU.Build.0 = Release|Any CPU
	EndGlobalSection
	GlobalSection(SolutionProperties) = preSolution
		HideSolutionNode = FALSE
	EndGlobalSection
	GlobalSection(ExtensibilityGlobals) = postSolution
		SolutionGuid = {DAB3D6C7-7B51-493F-8FDF-93EDDBBD31A8}
	EndGlobalSection
EndGlobal
